{"format_version":"1.2","terraform_version":"1.8.0","variables":{"instance_type":{"value":"t2.micro"},"vpc_id":{"value":"vpc-1d6bd267"}},"planned_values":{"outputs":{"mamager_private_ip":{"sensitive":false},"mamager_public_ip":{"sensitive":false},"nodes_private_ip":{"sensitive":false}},"root_module":{"resources":[{"address":"aws_instance.manager[0]","mode":"managed","type":"aws_instance","name":"manager","index":0,"provider_name":"registry.terraform.io/hashicorp/aws","schema_version":1,"values":{"ami":"ami-09a1c459d70c72b96","credit_specification":[],"get_password_data":false,"hibernation":null,"instance_type":"t2.micro","key_name":"personal","launch_template":[],"source_dest_check":true,"tags":{"Name":"swarm-manager-00"},"tags_all":{"Name":"swarm-manager-00"},"timeouts":null,"user_data":"55b5142817fc2b891d8d37ec892b2ca36fd8ff4e","user_data_replace_on_change":false,"volume_tags":null,"vpc_security_group_ids":["aws_security_group.swarm.id"]},"sensitive_values":{"capacity_reservation_specification":[],"cpu_options":[],"credit_specification":[],"ebs_block_device":[],"enclave_options":[],"ephemeral_block_device":[],"instance_market_options":[],"ipv6_addresses":[],"launch_template":[],"maintenance_options":[],"metadata_options":[],"network_interface":[],"private_dns_name_options":[],"root_block_device":[],"secondary_private_ips":[],"security_groups":[],"tags":{},"tags_all":{},"vpc_security_group_ids":[false]}},{"address":"aws_instance.nodes[0]","mode":"managed","type":"aws_instance","name":"nodes","index":0,"provider_name":"registry.terraform.io/hashicorp/aws","schema_version":1,"values":{"ami":"ami-09a1c459d70c72b96","credit_specification":[],"get_password_data":false,"hibernation":null,"instance_type":"t2.micro","key_name":"personal","launch_template":[],"source_dest_check":true,"tags":{"Name":"swarm-node-00"},"tags_all":{"Name":"swarm-node-00"},"timeouts":null,"user_data":"55b5142817fc2b891d8d37ec892b2ca36fd8ff4e","user_data_replace_on_change":false,"volume_tags":null,"vpc_security_group_ids":["aws_security_group.swarm.name"]},"sensitive_values":{"capacity_reservation_specification":[],"cpu_options":[],"credit_specification":[],"ebs_block_device":[],"enclave_options":[],"ephemeral_block_device":[],"instance_market_options":[],"ipv6_addresses":[],"launch_template":[],"maintenance_options":[],"metadata_options":[],"network_interface":[],"private_dns_name_options":[],"root_block_device":[],"secondary_private_ips":[],"security_groups":[],"tags":{},"tags_all":{},"vpc_security_group_ids":[false]}},{"address":"aws_instance.nodes[1]","mode":"managed","type":"aws_instance","name":"nodes","index":1,"provider_name":"registry.terraform.io/hashicorp/aws","schema_version":1,"values":{"ami":"ami-09a1c459d70c72b96","credit_specification":[],"get_password_data":false,"hibernation":null,"instance_type":"t2.micro","key_name":"personal","launch_template":[],"source_dest_check":true,"tags":{"Name":"swarm-node-01"},"tags_all":{"Name":"swarm-node-01"},"timeouts":null,"user_data":"55b5142817fc2b891d8d37ec892b2ca36fd8ff4e","user_data_replace_on_change":false,"volume_tags":null,"vpc_security_group_ids":["aws_security_group.swarm.name"]},"sensitive_values":{"capacity_reservation_specification":[],"cpu_options":[],"credit_specification":[],"ebs_block_device":[],"enclave_options":[],"ephemeral_block_device":[],"instance_market_options":[],"ipv6_addresses":[],"launch_template":[],"maintenance_options":[],"metadata_options":[],"network_interface":[],"private_dns_name_options":[],"root_block_device":[],"secondary_private_ips":[],"security_groups":[],"tags":{},"tags_all":{},"vpc_security_group_ids":[false]}},{"address":"aws_security_group.swarm","mode":"managed","type":"aws_security_group","name":"swarm","provider_name":"registry.terraform.io/hashicorp/aws","schema_version":1,"values":{"arn":"arn:aws:ec2:us-east-1:223341017520:security-group/sg-0799f57123fcd1090","description":"Managed by Terraform","egress":[{"cidr_blocks":["0.0.0.0/0"],"description":"","from_port":0,"ipv6_cidr_blocks":[],"prefix_list_ids":[],"protocol":"tcp","security_groups":[],"self":false,"to_port":65535}],"id":"sg-0799f57123fcd1090","ingress":[{"cidr_blocks":["0.0.0.0/0"],"description":"","from_port":-1,"ipv6_cidr_blocks":[],"prefix_list_ids":[],"protocol":"icmp","security_groups":[],"self":false,"to_port":-1},{"cidr_blocks":["0.0.0.0/0"],"description":"","from_port":0,"ipv6_cidr_blocks":[],"prefix_list_ids":[],"protocol":"tcp","security_groups":[],"self":false,"to_port":65535}],"name":"clusterSwarm","name_prefix":"","owner_id":"223341017520","revoke_rules_on_delete":false,"tags":{},"tags_all":{},"timeouts":null,"vpc_id":"vpc-1d6bd267"},"sensitive_values":{"egress":[{"cidr_blocks":[false],"ipv6_cidr_blocks":[],"prefix_list_ids":[],"security_groups":[]}],"ingress":[{"cidr_blocks":[false],"ipv6_cidr_blocks":[],"prefix_list_ids":[],"security_groups":[]},{"cidr_blocks":[false],"ipv6_cidr_blocks":[],"prefix_list_ids":[],"security_groups":[]}],"tags":{},"tags_all":{}}}]}},"resource_drift":[{"address":"aws_security_group.swarm","mode":"managed","type":"aws_security_group","name":"swarm","provider_name":"registry.terraform.io/hashicorp/aws","change":{"actions":["update"],"before":{"arn":"arn:aws:ec2:us-east-1:223341017520:security-group/sg-0799f57123fcd1090","description":"Managed by Terraform","egress":[{"cidr_blocks":["0.0.0.0/0"],"description":"","from_port":0,"ipv6_cidr_blocks":[],"prefix_list_ids":[],"protocol":"tcp","security_groups":[],"self":false,"to_port":65535}],"id":"sg-0799f57123fcd1090","ingress":[{"cidr_blocks":["0.0.0.0/0"],"description":"","from_port":-1,"ipv6_cidr_blocks":[],"prefix_list_ids":[],"protocol":"icmp","security_groups":[],"self":false,"to_port":-1},{"cidr_blocks":["0.0.0.0/0"],"description":"","from_port":0,"ipv6_cidr_blocks":[],"prefix_list_ids":[],"protocol":"tcp","security_groups":[],"self":false,"to_port":65535}],"name":"clusterSwarm","name_prefix":"","owner_id":"223341017520","revoke_rules_on_delete":false,"tags":null,"tags_all":{},"timeouts":null,"vpc_id":"vpc-1d6bd267"},"after":{"arn":"arn:aws:ec2:us-east-1:223341017520:security-group/sg-0799f57123fcd1090","description":"Managed by Terraform","egress":[{"cidr_blocks":["0.0.0.0/0"],"description":"","from_port":0,"ipv6_cidr_blocks":[],"prefix_list_ids":[],"protocol":"tcp","security_groups":[],"self":false,"to_port":65535}],"id":"sg-0799f57123fcd1090","ingress":[{"cidr_blocks":["0.0.0.0/0"],"description":"","from_port":-1,"ipv6_cidr_blocks":[],"prefix_list_ids":[],"protocol":"icmp","security_groups":[],"self":false,"to_port":-1},{"cidr_blocks":["0.0.0.0/0"],"description":"","from_port":0,"ipv6_cidr_blocks":[],"prefix_list_ids":[],"protocol":"tcp","security_groups":[],"self":false,"to_port":65535}],"name":"clusterSwarm","name_prefix":"","owner_id":"223341017520","revoke_rules_on_delete":false,"tags":{},"tags_all":{},"timeouts":null,"vpc_id":"vpc-1d6bd267"},"after_unknown":{},"before_sensitive":{"egress":[{"cidr_blocks":[false],"ipv6_cidr_blocks":[],"prefix_list_ids":[],"security_groups":[]}],"ingress":[{"cidr_blocks":[false],"ipv6_cidr_blocks":[],"prefix_list_ids":[],"security_groups":[]},{"cidr_blocks":[false],"ipv6_cidr_blocks":[],"prefix_list_ids":[],"security_groups":[]}],"tags_all":{}},"after_sensitive":{"egress":[{"cidr_blocks":[false],"ipv6_cidr_blocks":[],"prefix_list_ids":[],"security_groups":[]}],"ingress":[{"cidr_blocks":[false],"ipv6_cidr_blocks":[],"prefix_list_ids":[],"security_groups":[]},{"cidr_blocks":[false],"ipv6_cidr_blocks":[],"prefix_list_ids":[],"security_groups":[]}],"tags":{},"tags_all":{}}}}],"resource_changes":[{"address":"aws_instance.manager[0]","mode":"managed","type":"aws_instance","name":"manager","index":0,"provider_name":"registry.terraform.io/hashicorp/aws","change":{"actions":["create"],"before":null,"after":{"ami":"ami-09a1c459d70c72b96","credit_specification":[],"get_password_data":false,"hibernation":null,"instance_type":"t2.micro","key_name":"personal","launch_template":[],"source_dest_check":true,"tags":{"Name":"swarm-manager-00"},"tags_all":{"Name":"swarm-manager-00"},"timeouts":null,"user_data":"55b5142817fc2b891d8d37ec892b2ca36fd8ff4e","user_data_replace_on_change":false,"volume_tags":null,"vpc_security_group_ids":["aws_security_group.swarm.id"]},"after_unknown":{"arn":true,"associate_public_ip_address":true,"availability_zone":true,"capacity_reservation_specification":true,"cpu_core_count":true,"cpu_options":true,"cpu_threads_per_core":true,"credit_specification":[],"disable_api_stop":true,"disable_api_termination":true,"ebs_block_device":true,"ebs_optimized":true,"enclave_options":true,"ephemeral_block_device":true,"host_id":true,"host_resource_group_arn":true,"iam_instance_profile":true,"id":true,"instance_initiated_shutdown_behavior":true,"instance_lifecycle":true,"instance_market_options":true,"instance_state":true,"ipv6_address_count":true,"ipv6_addresses":true,"launch_template":[],"maintenance_options":true,"metadata_options":true,"monitoring":true,"network_interface":true,"outpost_arn":true,"password_data":true,"placement_group":true,"placement_partition_number":true,"primary_network_interface_id":true,"private_dns":true,"private_dns_name_options":true,"private_ip":true,"public_dns":true,"public_ip":true,"root_block_device":true,"secondary_private_ips":true,"security_groups":true,"spot_instance_request_id":true,"subnet_id":true,"tags":{},"tags_all":{},"tenancy":true,"user_data_base64":true,"vpc_security_group_ids":[false]},"before_sensitive":false,"after_sensitive":{"capacity_reservation_specification":[],"cpu_options":[],"credit_specification":[],"ebs_block_device":[],"enclave_options":[],"ephemeral_block_device":[],"instance_market_options":[],"ipv6_addresses":[],"launch_template":[],"maintenance_options":[],"metadata_options":[],"network_interface":[],"private_dns_name_options":[],"root_block_device":[],"secondary_private_ips":[],"security_groups":[],"tags":{},"tags_all":{},"vpc_security_group_ids":[false]}}},{"address":"aws_instance.nodes[0]","mode":"managed","type":"aws_instance","name":"nodes","index":0,"provider_name":"registry.terraform.io/hashicorp/aws","change":{"actions":["create"],"before":null,"after":{"ami":"ami-09a1c459d70c72b96","credit_specification":[],"get_password_data":false,"hibernation":null,"instance_type":"t2.micro","key_name":"personal","launch_template":[],"source_dest_check":true,"tags":{"Name":"swarm-node-00"},"tags_all":{"Name":"swarm-node-00"},"timeouts":null,"user_data":"55b5142817fc2b891d8d37ec892b2ca36fd8ff4e","user_data_replace_on_change":false,"volume_tags":null,"vpc_security_group_ids":["aws_security_group.swarm.name"]},"after_unknown":{"arn":true,"associate_public_ip_address":true,"availability_zone":true,"capacity_reservation_specification":true,"cpu_core_count":true,"cpu_options":true,"cpu_threads_per_core":true,"credit_specification":[],"disable_api_stop":true,"disable_api_termination":true,"ebs_block_device":true,"ebs_optimized":true,"enclave_options":true,"ephemeral_block_device":true,"host_id":true,"host_resource_group_arn":true,"iam_instance_profile":true,"id":true,"instance_initiated_shutdown_behavior":true,"instance_lifecycle":true,"instance_market_options":true,"instance_state":true,"ipv6_address_count":true,"ipv6_addresses":true,"launch_template":[],"maintenance_options":true,"metadata_options":true,"monitoring":true,"network_interface":true,"outpost_arn":true,"password_data":true,"placement_group":true,"placement_partition_number":true,"primary_network_interface_id":true,"private_dns":true,"private_dns_name_options":true,"private_ip":true,"public_dns":true,"public_ip":true,"root_block_device":true,"secondary_private_ips":true,"security_groups":true,"spot_instance_request_id":true,"subnet_id":true,"tags":{},"tags_all":{},"tenancy":true,"user_data_base64":true,"vpc_security_group_ids":[false]},"before_sensitive":false,"after_sensitive":{"capacity_reservation_specification":[],"cpu_options":[],"credit_specification":[],"ebs_block_device":[],"enclave_options":[],"ephemeral_block_device":[],"instance_market_options":[],"ipv6_addresses":[],"launch_template":[],"maintenance_options":[],"metadata_options":[],"network_interface":[],"private_dns_name_options":[],"root_block_device":[],"secondary_private_ips":[],"security_groups":[],"tags":{},"tags_all":{},"vpc_security_group_ids":[false]}}},{"address":"aws_instance.nodes[1]","mode":"managed","type":"aws_instance","name":"nodes","index":1,"provider_name":"registry.terraform.io/hashicorp/aws","change":{"actions":["create"],"before":null,"after":{"ami":"ami-09a1c459d70c72b96","credit_specification":[],"get_password_data":false,"hibernation":null,"instance_type":"t2.micro","key_name":"personal","launch_template":[],"source_dest_check":true,"tags":{"Name":"swarm-node-01"},"tags_all":{"Name":"swarm-node-01"},"timeouts":null,"user_data":"55b5142817fc2b891d8d37ec892b2ca36fd8ff4e","user_data_replace_on_change":false,"volume_tags":null,"vpc_security_group_ids":["aws_security_group.swarm.name"]},"after_unknown":{"arn":true,"associate_public_ip_address":true,"availability_zone":true,"capacity_reservation_specification":true,"cpu_core_count":true,"cpu_options":true,"cpu_threads_per_core":true,"credit_specification":[],"disable_api_stop":true,"disable_api_termination":true,"ebs_block_device":true,"ebs_optimized":true,"enclave_options":true,"ephemeral_block_device":true,"host_id":true,"host_resource_group_arn":true,"iam_instance_profile":true,"id":true,"instance_initiated_shutdown_behavior":true,"instance_lifecycle":true,"instance_market_options":true,"instance_state":true,"ipv6_address_count":true,"ipv6_addresses":true,"launch_template":[],"maintenance_options":true,"metadata_options":true,"monitoring":true,"network_interface":true,"outpost_arn":true,"password_data":true,"placement_group":true,"placement_partition_number":true,"primary_network_interface_id":true,"private_dns":true,"private_dns_name_options":true,"private_ip":true,"public_dns":true,"public_ip":true,"root_block_device":true,"secondary_private_ips":true,"security_groups":true,"spot_instance_request_id":true,"subnet_id":true,"tags":{},"tags_all":{},"tenancy":true,"user_data_base64":true,"vpc_security_group_ids":[false]},"before_sensitive":false,"after_sensitive":{"capacity_reservation_specification":[],"cpu_options":[],"credit_specification":[],"ebs_block_device":[],"enclave_options":[],"ephemeral_block_device":[],"instance_market_options":[],"ipv6_addresses":[],"launch_template":[],"maintenance_options":[],"metadata_options":[],"network_interface":[],"private_dns_name_options":[],"root_block_device":[],"secondary_private_ips":[],"security_groups":[],"tags":{},"tags_all":{},"vpc_security_group_ids":[false]}}},{"address":"aws_security_group.swarm","mode":"managed","type":"aws_security_group","name":"swarm","provider_name":"registry.terraform.io/hashicorp/aws","change":{"actions":["no-op"],"before":{"arn":"arn:aws:ec2:us-east-1:223341017520:security-group/sg-0799f57123fcd1090","description":"Managed by Terraform","egress":[{"cidr_blocks":["0.0.0.0/0"],"description":"","from_port":0,"ipv6_cidr_blocks":[],"prefix_list_ids":[],"protocol":"tcp","security_groups":[],"self":false,"to_port":65535}],"id":"sg-0799f57123fcd1090","ingress":[{"cidr_blocks":["0.0.0.0/0"],"description":"","from_port":-1,"ipv6_cidr_blocks":[],"prefix_list_ids":[],"protocol":"icmp","security_groups":[],"self":false,"to_port":-1},{"cidr_blocks":["0.0.0.0/0"],"description":"","from_port":0,"ipv6_cidr_blocks":[],"prefix_list_ids":[],"protocol":"tcp","security_groups":[],"self":false,"to_port":65535}],"name":"clusterSwarm","name_prefix":"","owner_id":"223341017520","revoke_rules_on_delete":false,"tags":{},"tags_all":{},"timeouts":null,"vpc_id":"vpc-1d6bd267"},"after":{"arn":"arn:aws:ec2:us-east-1:223341017520:security-group/sg-0799f57123fcd1090","description":"Managed by Terraform","egress":[{"cidr_blocks":["0.0.0.0/0"],"description":"","from_port":0,"ipv6_cidr_blocks":[],"prefix_list_ids":[],"protocol":"tcp","security_groups":[],"self":false,"to_port":65535}],"id":"sg-0799f57123fcd1090","ingress":[{"cidr_blocks":["0.0.0.0/0"],"description":"","from_port":-1,"ipv6_cidr_blocks":[],"prefix_list_ids":[],"protocol":"icmp","security_groups":[],"self":false,"to_port":-1},{"cidr_blocks":["0.0.0.0/0"],"description":"","from_port":0,"ipv6_cidr_blocks":[],"prefix_list_ids":[],"protocol":"tcp","security_groups":[],"self":false,"to_port":65535}],"name":"clusterSwarm","name_prefix":"","owner_id":"223341017520","revoke_rules_on_delete":false,"tags":{},"tags_all":{},"timeouts":null,"vpc_id":"vpc-1d6bd267"},"after_unknown":{},"before_sensitive":{"egress":[{"cidr_blocks":[false],"ipv6_cidr_blocks":[],"prefix_list_ids":[],"security_groups":[]}],"ingress":[{"cidr_blocks":[false],"ipv6_cidr_blocks":[],"prefix_list_ids":[],"security_groups":[]},{"cidr_blocks":[false],"ipv6_cidr_blocks":[],"prefix_list_ids":[],"security_groups":[]}],"tags":{},"tags_all":{}},"after_sensitive":{"egress":[{"cidr_blocks":[false],"ipv6_cidr_blocks":[],"prefix_list_ids":[],"security_groups":[]}],"ingress":[{"cidr_blocks":[false],"ipv6_cidr_blocks":[],"prefix_list_ids":[],"security_groups":[]},{"cidr_blocks":[false],"ipv6_cidr_blocks":[],"prefix_list_ids":[],"security_groups":[]}],"tags":{},"tags_all":{}}}}],"output_changes":{"mamager_private_ip":{"actions":["create"],"before":null,"after_unknown":true,"before_sensitive":false,"after_sensitive":false},"mamager_public_ip":{"actions":["create"],"before":null,"after_unknown":true,"before_sensitive":false,"after_sensitive":false},"nodes_private_ip":{"actions":["create"],"before":null,"after_unknown":true,"before_sensitive":false,"after_sensitive":false}},"prior_state":{"format_version":"1.0","terraform_version":"1.8.0","values":{"root_module":{"resources":[{"address":"data.aws_ami.ubuntu","mode":"data","type":"aws_ami","name":"ubuntu","provider_name":"registry.terraform.io/hashicorp/aws","schema_version":0,"values":{"architecture":"x86_64","arn":"arn:aws:ec2:us-east-1::image/ami-09a1c459d70c72b96","block_device_mappings":[{"device_name":"/dev/sda1","ebs":{"delete_on_termination":"true","encrypted":"false","iops":"0","snapshot_id":"snap-0f145ea6b6e45d1e3","throughput":"0","volume_size":"8","volume_type":"gp2"},"no_device":"","virtual_name":""},{"device_name":"/dev/sdb","ebs":{},"no_device":"","virtual_name":"ephemeral0"},{"device_name":"/dev/sdc","ebs":{},"no_device":"","virtual_name":"ephemeral1"}],"boot_mode":"uefi-preferred","creation_date":"2024-08-30T02:48:10.000Z","deprecation_time":"2026-08-30T02:48:10.000Z","description":"Canonical, Ubuntu, 22.04 LTS, amd64 jammy image build on 2024-08-30","ena_support":true,"executable_users":null,"filter":[{"name":"name","values":["ubuntu/images/hvm-ssd/ubuntu-jammy-22.04-amd64-server-*"]},{"name":"virtualization-type","values":["hvm"]}],"hypervisor":"xen","id":"ami-09a1c459d70c72b96","image_id":"ami-09a1c459d70c72b96","image_location":"amazon/ubuntu/images/hvm-ssd/ubuntu-jammy-22.04-amd64-server-20240830","image_owner_alias":"amazon","image_type":"machine","imds_support":"","include_deprecated":false,"kernel_id":"","most_recent":true,"name":"ubuntu/images/hvm-ssd/ubuntu-jammy-22.04-amd64-server-20240830","name_regex":null,"owner_id":"099720109477","owners":["099720109477"],"platform":"","platform_details":"Linux/UNIX","product_codes":[],"public":true,"ramdisk_id":"","root_device_name":"/dev/sda1","root_device_type":"ebs","root_snapshot_id":"snap-0f145ea6b6e45d1e3","sriov_net_support":"simple","state":"available","state_reason":{"code":"UNSET","message":"UNSET"},"tags":{},"timeouts":null,"tpm_support":"","usage_operation":"RunInstances","virtualization_type":"hvm"},"sensitive_values":{"block_device_mappings":[{"ebs":{}},{"ebs":{}},{"ebs":{}}],"filter":[{"values":[false]},{"values":[false]}],"owners":[false],"product_codes":[],"state_reason":{},"tags":{}}},{"address":"aws_security_group.swarm","mode":"managed","type":"aws_security_group","name":"swarm","provider_name":"registry.terraform.io/hashicorp/aws","schema_version":1,"values":{"arn":"arn:aws:ec2:us-east-1:223341017520:security-group/sg-0799f57123fcd1090","description":"Managed by Terraform","egress":[{"cidr_blocks":["0.0.0.0/0"],"description":"","from_port":0,"ipv6_cidr_blocks":[],"prefix_list_ids":[],"protocol":"tcp","security_groups":[],"self":false,"to_port":65535}],"id":"sg-0799f57123fcd1090","ingress":[{"cidr_blocks":["0.0.0.0/0"],"description":"","from_port":-1,"ipv6_cidr_blocks":[],"prefix_list_ids":[],"protocol":"icmp","security_groups":[],"self":false,"to_port":-1},{"cidr_blocks":["0.0.0.0/0"],"description":"","from_port":0,"ipv6_cidr_blocks":[],"prefix_list_ids":[],"protocol":"tcp","security_groups":[],"self":false,"to_port":65535}],"name":"clusterSwarm","name_prefix":"","owner_id":"223341017520","revoke_rules_on_delete":false,"tags":{},"tags_all":{},"timeouts":null,"vpc_id":"vpc-1d6bd267"},"sensitive_values":{"egress":[{"cidr_blocks":[false],"ipv6_cidr_blocks":[],"prefix_list_ids":[],"security_groups":[]}],"ingress":[{"cidr_blocks":[false],"ipv6_cidr_blocks":[],"prefix_list_ids":[],"security_groups":[]},{"cidr_blocks":[false],"ipv6_cidr_blocks":[],"prefix_list_ids":[],"security_groups":[]}],"tags":{},"tags_all":{}}}]}}},"configuration":{"provider_config":{"aws":{"name":"aws","full_name":"registry.terraform.io/hashicorp/aws","version_constraint":"~\u003e 5.65.0","expressions":{"region":{"constant_value":"us-east-1"}}}},"root_module":{"outputs":{"mamager_private_ip":{"expression":{"references":["aws_instance.manager[0].private_ip","aws_instance.manager[0]","aws_instance.manager"]}},"mamager_public_ip":{"expression":{"references":["aws_instance.manager[0].public_ip","aws_instance.manager[0]","aws_instance.manager"]}},"nodes_private_ip":{"expression":{"references":["aws_instance.nodes[0].private_ip","aws_instance.nodes[0]","aws_instance.nodes"]}}},"resources":[{"address":"aws_instance.manager","mode":"managed","type":"aws_instance","name":"manager","provider_config_key":"aws","expressions":{"ami":{"references":["data.aws_ami.ubuntu.id","data.aws_ami.ubuntu"]},"instance_type":{"references":["var.instance_type"]},"key_name":{"constant_value":"personal"},"tags":{"references":["count.index"]},"user_data":{"references":["path.module"]},"vpc_security_group_ids":{"constant_value":["aws_security_group.swarm.id"]}},"schema_version":1,"count_expression":{"constant_value":1}},{"address":"aws_instance.nodes","mode":"managed","type":"aws_instance","name":"nodes","provider_config_key":"aws","expressions":{"ami":{"references":["data.aws_ami.ubuntu.id","data.aws_ami.ubuntu"]},"instance_type":{"references":["var.instance_type"]},"key_name":{"constant_value":"personal"},"tags":{"references":["count.index"]},"user_data":{"references":["path.module"]},"vpc_security_group_ids":{"constant_value":["aws_security_group.swarm.name"]}},"schema_version":1,"count_expression":{"constant_value":2}},{"address":"aws_security_group.swarm","mode":"managed","type":"aws_security_group","name":"swarm","provider_config_key":"aws","expressions":{"egress":{"constant_value":[{"cidr_blocks":["0.0.0.0/0"],"description":null,"from_port":0,"ipv6_cidr_blocks":null,"prefix_list_ids":null,"protocol":"tcp","security_groups":null,"self":null,"to_port":65535}]},"ingress":{"constant_value":[{"cidr_blocks":["0.0.0.0/0"],"description":null,"from_port":0,"ipv6_cidr_blocks":null,"prefix_list_ids":null,"protocol":"tcp","security_groups":null,"self":null,"to_port":65535},{"cidr_blocks":["0.0.0.0/0"],"description":null,"from_port":-1,"ipv6_cidr_blocks":null,"prefix_list_ids":null,"protocol":"icmp","security_groups":null,"self":null,"to_port":-1}]},"name":{"constant_value":"clusterSwarm"},"vpc_id":{"references":["var.vpc_id"]}},"schema_version":1},{"address":"data.aws_ami.ubuntu","mode":"data","type":"aws_ami","name":"ubuntu","provider_config_key":"aws","expressions":{"filter":[{"name":{"constant_value":"name"},"values":{"constant_value":["ubuntu/images/hvm-ssd/ubuntu-jammy-22.04-amd64-server-*"]}},{"name":{"constant_value":"virtualization-type"},"values":{"constant_value":["hvm"]}}],"most_recent":{"constant_value":true},"owners":{"constant_value":["099720109477"]}},"schema_version":0}],"variables":{"instance_type":{"default":"t2.micro","description":"Instance type"},"vpc_id":{"description":"Insert your VPC ID"}}}},"relevant_attributes":[{"resource":"aws_instance.manager[0]","attribute":["public_ip"]},{"resource":"aws_instance.manager[0]","attribute":["private_ip"]},{"resource":"aws_instance.nodes[0]","attribute":["private_ip"]},{"resource":"data.aws_ami.ubuntu","attribute":["id"]}],"timestamp":"2024-09-03T03:45:38Z","applyable":true,"complete":true,"errored":false}
